
Microsoft Visual Studio Solution File, Format Version 12.00
# Visual Studio Version 17
VisualStudioVersion = 17.11.35208.52
MinimumVisualStudioVersion = 10.0.40219.1
Project("{9A19103F-16F7-4668-BE54-9A1E7A4F7556}") = "DepthCharts.Application", "DepthCharts.Application\DepthCharts.Application.csproj", "{10710446-98E5-498B-8967-B370A63BB51C}"
EndProject
Project("{9A19103F-16F7-4668-BE54-9A1E7A4F7556}") = "DepthCharts.Core", "DepthCharts.Core\DepthCharts.Core.csproj", "{61BEB6A1-F806-4D33-B125-A8370538E1FC}"
EndProject
Project("{9A19103F-16F7-4668-BE54-9A1E7A4F7556}") = "DepthCharts.Tests", "DepthCharts.Tests\DepthCharts.Tests.csproj", "{CC022FBB-685B-4D18-9B36-34169C649004}"
EndProject
Project("{2150E333-8FDC-42A3-9474-1A3956D46DE8}") = "Solution Items", "Solution Items", "{BA7DA346-4EAC-4986-9B2A-F58588BB6261}"
	ProjectSection(SolutionItems) = preProject
		readme.md = readme.md
	EndProjectSection
EndProject
Global
	GlobalSection(SolutionConfigurationPlatforms) = preSolution
		Debug|Any CPU = Debug|Any CPU
		Release|Any CPU = Release|Any CPU
	EndGlobalSection
	GlobalSection(ProjectConfigurationPlatforms) = postSolution
		{10710446-98E5-498B-8967-B370A63BB51C}.Debug|Any CPU.ActiveCfg = Debug|Any CPU
		{10710446-98E5-498B-8967-B370A63BB51C}.Debug|Any CPU.Build.0 = Debug|Any CPU
		{10710446-98E5-498B-8967-B370A63BB51C}.Release|Any CPU.ActiveCfg = Release|Any CPU
		{10710446-98E5-498B-8967-B370A63BB51C}.Release|Any CPU.Build.0 = Release|Any CPU
		{61BEB6A1-F806-4D33-B125-A8370538E1FC}.Debug|Any CPU.ActiveCfg = Debug|Any CPU
		{61BEB6A1-F806-4D33-B125-A8370538E1FC}.Debug|Any CPU.Build.0 = Debug|Any CPU
		{61BEB6A1-F806-4D33-B125-A8370538E1FC}.Release|Any CPU.ActiveCfg = Release|Any CPU
		{61BEB6A1-F806-4D33-B125-A8370538E1FC}.Release|Any CPU.Build.0 = Release|Any CPU
		{CC022FBB-685B-4D18-9B36-34169C649004}.Debug|Any CPU.ActiveCfg = Debug|Any CPU
		{CC022FBB-685B-4D18-9B36-34169C649004}.Debug|Any CPU.Build.0 = Debug|Any CPU
		{CC022FBB-685B-4D18-9B36-34169C649004}.Release|Any CPU.ActiveCfg = Release|Any CPU
		{CC022FBB-685B-4D18-9B36-34169C649004}.Release|Any CPU.Build.0 = Release|Any CPU
	EndGlobalSection
	GlobalSection(SolutionProperties) = preSolution
		HideSolutionNode = FALSE
	EndGlobalSection
	GlobalSection(ExtensibilityGlobals) = postSolution
		SolutionGuid = {67AABC61-0D44-46BA-AE7A-07B203BFFCCA}
	EndGlobalSection
EndGlobal
